
Microsoft Visual Studio Solution File, Format Version 12.00
# Visual Studio Version 16
VisualStudioVersion = 16.0.30523.141
MinimumVisualStudioVersion = 10.0.40219.1
Project("{8BC9CEB8-8B4A-11D0-8D11-00A0C91BC942}") = "6.3rec", "6.3rec.vcxproj", "{D5A3B3C8-21EF-4C5B-91B0-C6014A31D1AE}"
EndProject
Project("{8BC9CEB8-8B4A-11D0-8D11-00A0C91BC942}") = "UnitTest6.3rec", "UnitTest6.3rec\UnitTest6.3rec.vcxproj", "{14C12C04-21CD-4602-A541-0C697D256960}"
EndProject
Global
	GlobalSection(SolutionConfigurationPlatforms) = preSolution
		Debug|x64 = Debug|x64
		Debug|x86 = Debug|x86
		Release|x64 = Release|x64
		Release|x86 = Release|x86
	EndGlobalSection
	GlobalSection(ProjectConfigurationPlatforms) = postSolution
		{D5A3B3C8-21EF-4C5B-91B0-C6014A31D1AE}.Debug|x64.ActiveCfg = Debug|x64
		{D5A3B3C8-21EF-4C5B-91B0-C6014A31D1AE}.Debug|x64.Build.0 = Debug|x64
		{D5A3B3C8-21EF-4C5B-91B0-C6014A31D1AE}.Debug|x86.ActiveCfg = Debug|Win32
		{D5A3B3C8-21EF-4C5B-91B0-C6014A31D1AE}.Debug|x86.Build.0 = Debug|Win32
		{D5A3B3C8-21EF-4C5B-91B0-C6014A31D1AE}.Release|x64.ActiveCfg = Release|x64
		{D5A3B3C8-21EF-4C5B-91B0-C6014A31D1AE}.Release|x64.Build.0 = Release|x64
		{D5A3B3C8-21EF-4C5B-91B0-C6014A31D1AE}.Release|x86.ActiveCfg = Release|Win32
		{D5A3B3C8-21EF-4C5B-91B0-C6014A31D1AE}.Release|x86.Build.0 = Release|Win32
		{14C12C04-21CD-4602-A541-0C697D256960}.Debug|x64.ActiveCfg = Debug|x64
		{14C12C04-21CD-4602-A541-0C697D256960}.Debug|x64.Build.0 = Debug|x64
		{14C12C04-21CD-4602-A541-0C697D256960}.Debug|x86.ActiveCfg = Debug|Win32
		{14C12C04-21CD-4602-A541-0C697D256960}.Debug|x86.Build.0 = Debug|Win32
		{14C12C04-21CD-4602-A541-0C697D256960}.Release|x64.ActiveCfg = Release|x64
		{14C12C04-21CD-4602-A541-0C697D256960}.Release|x64.Build.0 = Release|x64
		{14C12C04-21CD-4602-A541-0C697D256960}.Release|x86.ActiveCfg = Release|Win32
		{14C12C04-21CD-4602-A541-0C697D256960}.Release|x86.Build.0 = Release|Win32
	EndGlobalSection
	GlobalSection(SolutionProperties) = preSolution
		HideSolutionNode = FALSE
	EndGlobalSection
	GlobalSection(ExtensibilityGlobals) = postSolution
		SolutionGuid = {5858A94A-09EB-401E-801C-A85314BBB2A0}
	EndGlobalSection
EndGlobal
